
Microsoft Visual Studio Solution File, Format Version 12.00
# Visual Studio Version 16
VisualStudioVersion = 16.0.32106.194
MinimumVisualStudioVersion = 10.0.40219.1
Project("{9A19103F-16F7-4668-BE54-9A1E7A4F7556}") = "ThreadLearning", "ThreadLearning\ThreadLearning.csproj", "{7691140D-660F-4B8B-B75F-FAE275429DDD}"
EndProject
Project("{9A19103F-16F7-4668-BE54-9A1E7A4F7556}") = "Task 0", "TP\Task 0.csproj", "{30CE8849-42FE-4626-B52B-ADD76CF237CB}"
EndProject
Project("{9A19103F-16F7-4668-BE54-9A1E7A4F7556}") = "Task 1_2", "Task 1\Task 1_2.csproj", "{9BEEF209-7706-4CD5-B1FB-82F3B19E237C}"
EndProject
Project("{2150E333-8FDC-42A3-9474-1A3956D46DE8}") = "BasicThread", "BasicThread", "{2AA0AD63-E347-41B3-81D6-67AFA03CD4E2}"
EndProject
Project("{2150E333-8FDC-42A3-9474-1A3956D46DE8}") = "ThreadPool", "ThreadPool", "{E8A358A5-F3EE-4816-A41A-E29C82457DDF}"
EndProject
Project("{2150E333-8FDC-42A3-9474-1A3956D46DE8}") = "ThreadSync", "ThreadSync", "{399EEEB0-C925-4E64-8836-6F5BAE30389B}"
EndProject
Project("{9A19103F-16F7-4668-BE54-9A1E7A4F7556}") = "PPTask", "PPTask\PPTask.csproj", "{72363535-831B-4B5B-8027-0447ABA7FE23}"
EndProject
Project("{9A19103F-16F7-4668-BE54-9A1E7A4F7556}") = "ThreadSyncAddOrSub", "ThreadSync\ThreadSyncAddOrSub.csproj", "{52D07F71-2566-4EE4-BE2D-12CDF8009991}"
EndProject
Project("{9A19103F-16F7-4668-BE54-9A1E7A4F7556}") = "StarAndHasttag", "Opgave2\StarAndHasttag.csproj", "{24269B15-0DCE-43C4-A205-234143CED390}"
EndProject
Project("{2150E333-8FDC-42A3-9474-1A3956D46DE8}") = "opgave 2-3", "opgave 2-3", "{4D632A45-9F61-4D08-99AC-671A2BF8F5EF}"
EndProject
Project("{2150E333-8FDC-42A3-9474-1A3956D46DE8}") = "Opgave 1", "Opgave 1", "{8B629E39-50C1-4DD5-9FAB-297B689D843B}"
EndProject
Project("{2150E333-8FDC-42A3-9474-1A3956D46DE8}") = "PowerpointExample", "PowerpointExample", "{5B68EC61-D2CA-48E9-8DFC-33AB05D882DB}"
EndProject
Project("{2150E333-8FDC-42A3-9474-1A3956D46DE8}") = "Opgave 0", "Opgave 0", "{373EDEFC-13E1-4BB0-8E45-D9AF97269472}"
EndProject
Project("{2150E333-8FDC-42A3-9474-1A3956D46DE8}") = "Opgave 1-2", "Opgave 1-2", "{78DE06DB-00B7-4021-AF3F-01F19B9F5491}"
EndProject
Project("{2150E333-8FDC-42A3-9474-1A3956D46DE8}") = "Dining philsophers", "Dining philsophers", "{FF3626FD-7F6A-4AF9-8138-6719A7A7EE48}"
EndProject
Project("{FAE04EC0-301F-11D3-BF4B-00C04F79EFBC}") = "DiningPhilsophers", "DiningPhilsophers\DiningPhilsophers.csproj", "{69F089F7-9F92-4C35-B1C4-F42F3AA80EEB}"
EndProject
Global
	GlobalSection(SolutionConfigurationPlatforms) = preSolution
		Debug|Any CPU = Debug|Any CPU
		Release|Any CPU = Release|Any CPU
	EndGlobalSection
	GlobalSection(ProjectConfigurationPlatforms) = postSolution
		{7691140D-660F-4B8B-B75F-FAE275429DDD}.Debug|Any CPU.ActiveCfg = Debug|Any CPU
		{7691140D-660F-4B8B-B75F-FAE275429DDD}.Debug|Any CPU.Build.0 = Debug|Any CPU
		{7691140D-660F-4B8B-B75F-FAE275429DDD}.Release|Any CPU.ActiveCfg = Release|Any CPU
		{7691140D-660F-4B8B-B75F-FAE275429DDD}.Release|Any CPU.Build.0 = Release|Any CPU
		{30CE8849-42FE-4626-B52B-ADD76CF237CB}.Debug|Any CPU.ActiveCfg = Debug|Any CPU
		{30CE8849-42FE-4626-B52B-ADD76CF237CB}.Debug|Any CPU.Build.0 = Debug|Any CPU
		{30CE8849-42FE-4626-B52B-ADD76CF237CB}.Release|Any CPU.ActiveCfg = Release|Any CPU
		{30CE8849-42FE-4626-B52B-ADD76CF237CB}.Release|Any CPU.Build.0 = Release|Any CPU
		{9BEEF209-7706-4CD5-B1FB-82F3B19E237C}.Debug|Any CPU.ActiveCfg = Debug|Any CPU
		{9BEEF209-7706-4CD5-B1FB-82F3B19E237C}.Debug|Any CPU.Build.0 = Debug|Any CPU
		{9BEEF209-7706-4CD5-B1FB-82F3B19E237C}.Release|Any CPU.ActiveCfg = Release|Any CPU
		{9BEEF209-7706-4CD5-B1FB-82F3B19E237C}.Release|Any CPU.Build.0 = Release|Any CPU
		{72363535-831B-4B5B-8027-0447ABA7FE23}.Debug|Any CPU.ActiveCfg = Debug|Any CPU
		{72363535-831B-4B5B-8027-0447ABA7FE23}.Debug|Any CPU.Build.0 = Debug|Any CPU
		{72363535-831B-4B5B-8027-0447ABA7FE23}.Release|Any CPU.ActiveCfg = Release|Any CPU
		{72363535-831B-4B5B-8027-0447ABA7FE23}.Release|Any CPU.Build.0 = Release|Any CPU
		{52D07F71-2566-4EE4-BE2D-12CDF8009991}.Debug|Any CPU.ActiveCfg = Debug|Any CPU
		{52D07F71-2566-4EE4-BE2D-12CDF8009991}.Debug|Any CPU.Build.0 = Debug|Any CPU
		{52D07F71-2566-4EE4-BE2D-12CDF8009991}.Release|Any CPU.ActiveCfg = Release|Any CPU
		{52D07F71-2566-4EE4-BE2D-12CDF8009991}.Release|Any CPU.Build.0 = Release|Any CPU
		{24269B15-0DCE-43C4-A205-234143CED390}.Debug|Any CPU.ActiveCfg = Debug|Any CPU
		{24269B15-0DCE-43C4-A205-234143CED390}.Debug|Any CPU.Build.0 = Debug|Any CPU
		{24269B15-0DCE-43C4-A205-234143CED390}.Release|Any CPU.ActiveCfg = Release|Any CPU
		{24269B15-0DCE-43C4-A205-234143CED390}.Release|Any CPU.Build.0 = Release|Any CPU
		{69F089F7-9F92-4C35-B1C4-F42F3AA80EEB}.Debug|Any CPU.ActiveCfg = Debug|Any CPU
		{69F089F7-9F92-4C35-B1C4-F42F3AA80EEB}.Debug|Any CPU.Build.0 = Debug|Any CPU
		{69F089F7-9F92-4C35-B1C4-F42F3AA80EEB}.Release|Any CPU.ActiveCfg = Release|Any CPU
		{69F089F7-9F92-4C35-B1C4-F42F3AA80EEB}.Release|Any CPU.Build.0 = Release|Any CPU
	EndGlobalSection
	GlobalSection(SolutionProperties) = preSolution
		HideSolutionNode = FALSE
	EndGlobalSection
	GlobalSection(NestedProjects) = preSolution
		{7691140D-660F-4B8B-B75F-FAE275429DDD} = {2AA0AD63-E347-41B3-81D6-67AFA03CD4E2}
		{30CE8849-42FE-4626-B52B-ADD76CF237CB} = {373EDEFC-13E1-4BB0-8E45-D9AF97269472}
		{9BEEF209-7706-4CD5-B1FB-82F3B19E237C} = {78DE06DB-00B7-4021-AF3F-01F19B9F5491}
		{72363535-831B-4B5B-8027-0447ABA7FE23} = {5B68EC61-D2CA-48E9-8DFC-33AB05D882DB}
		{52D07F71-2566-4EE4-BE2D-12CDF8009991} = {8B629E39-50C1-4DD5-9FAB-297B689D843B}
		{24269B15-0DCE-43C4-A205-234143CED390} = {4D632A45-9F61-4D08-99AC-671A2BF8F5EF}
		{4D632A45-9F61-4D08-99AC-671A2BF8F5EF} = {399EEEB0-C925-4E64-8836-6F5BAE30389B}
		{8B629E39-50C1-4DD5-9FAB-297B689D843B} = {399EEEB0-C925-4E64-8836-6F5BAE30389B}
		{5B68EC61-D2CA-48E9-8DFC-33AB05D882DB} = {399EEEB0-C925-4E64-8836-6F5BAE30389B}
		{373EDEFC-13E1-4BB0-8E45-D9AF97269472} = {E8A358A5-F3EE-4816-A41A-E29C82457DDF}
		{78DE06DB-00B7-4021-AF3F-01F19B9F5491} = {E8A358A5-F3EE-4816-A41A-E29C82457DDF}
		{FF3626FD-7F6A-4AF9-8138-6719A7A7EE48} = {399EEEB0-C925-4E64-8836-6F5BAE30389B}
		{69F089F7-9F92-4C35-B1C4-F42F3AA80EEB} = {FF3626FD-7F6A-4AF9-8138-6719A7A7EE48}
	EndGlobalSection
	GlobalSection(ExtensibilityGlobals) = postSolution
		SolutionGuid = {3DF3A100-24E9-44AE-9118-FC99FE1B7AD0}
	EndGlobalSection
EndGlobal
